
Microsoft Visual Studio Solution File, Format Version 12.00
# Visual Studio Version 17
VisualStudioVersion = 17.14.36301.6 d17.14
MinimumVisualStudioVersion = 10.0.40219.1
Project("{FAE04EC0-301F-11D3-BF4B-00C04F79EFBC}") = "RW-MassAffect", "RW-MassAffect.csproj", "{088F0A7A-47B0-4A6A-B080-F207932164CB}"
EndProject
Global
	GlobalSection(SolutionConfigurationPlatforms) = preSolution
		Debug|Any CPU = Debug|Any CPU
		Release|Any CPU = Release|Any CPU
	EndGlobalSection
	GlobalSection(ProjectConfigurationPlatforms) = postSolution
		{088F0A7A-47B0-4A6A-B080-F207932164CB}.Debug|Any CPU.ActiveCfg = Debug|Any CPU
		{088F0A7A-47B0-4A6A-B080-F207932164CB}.Debug|Any CPU.Build.0 = Debug|Any CPU
		{088F0A7A-47B0-4A6A-B080-F207932164CB}.Release|Any CPU.ActiveCfg = Release|Any CPU
		{088F0A7A-47B0-4A6A-B080-F207932164CB}.Release|Any CPU.Build.0 = Release|Any CPU
	EndGlobalSection
	GlobalSection(SolutionProperties) = preSolution
		HideSolutionNode = FALSE
	EndGlobalSection
	GlobalSection(ExtensibilityGlobals) = postSolution
		SolutionGuid = {5098BFAB-74D5-42F5-AACB-1949506C6282}
	EndGlobalSection
EndGlobal
